
Microsoft Visual Studio Solution File, Format Version 12.00
# Visual Studio Version 17
VisualStudioVersion = 17.7.34202.233
MinimumVisualStudioVersion = 10.0.40219.1
Project("{FAE04EC0-301F-11D3-BF4B-00C04F79EFBC}") = "ALP AD PET HOTEL", "ALP AD PET HOTEL\ALP AD PET HOTEL.csproj", "{7719CD23-D0D0-4E2A-892A-AAC569760CB8}"
EndProject
Global
	GlobalSection(SolutionConfigurationPlatforms) = preSolution
		Debug|Any CPU = Debug|Any CPU
		Release|Any CPU = Release|Any CPU
	EndGlobalSection
	GlobalSection(ProjectConfigurationPlatforms) = postSolution
		{7719CD23-D0D0-4E2A-892A-AAC569760CB8}.Debug|Any CPU.ActiveCfg = Debug|Any CPU
		{7719CD23-D0D0-4E2A-892A-AAC569760CB8}.Debug|Any CPU.Build.0 = Debug|Any CPU
		{7719CD23-D0D0-4E2A-892A-AAC569760CB8}.Release|Any CPU.ActiveCfg = Release|Any CPU
		{7719CD23-D0D0-4E2A-892A-AAC569760CB8}.Release|Any CPU.Build.0 = Release|Any CPU
	EndGlobalSection
	GlobalSection(SolutionProperties) = preSolution
		HideSolutionNode = FALSE
	EndGlobalSection
	GlobalSection(ExtensibilityGlobals) = postSolution
		SolutionGuid = {DD2B1300-E0C3-48A5-97F1-6DF0BCFB6075}
	EndGlobalSection
EndGlobal
